
Microsoft Visual Studio Solution File, Format Version 12.00
# Visual Studio Version 17
VisualStudioVersion = 17.14.36203.30 d17.14
MinimumVisualStudioVersion = 10.0.40219.1
Project("{FAE04EC0-301F-11D3-BF4B-00C04F79EFBC}") = "4.1(сурадеева_итвд2)", "4.1(сурадеева_итвд2).csproj", "{D7F09DFB-2C79-430B-8D62-494EC1AC73BB}"
EndProject
Global
	GlobalSection(SolutionConfigurationPlatforms) = preSolution
		Debug|Any CPU = Debug|Any CPU
		Release|Any CPU = Release|Any CPU
	EndGlobalSection
	GlobalSection(ProjectConfigurationPlatforms) = postSolution
		{D7F09DFB-2C79-430B-8D62-494EC1AC73BB}.Debug|Any CPU.ActiveCfg = Debug|Any CPU
		{D7F09DFB-2C79-430B-8D62-494EC1AC73BB}.Debug|Any CPU.Build.0 = Debug|Any CPU
		{D7F09DFB-2C79-430B-8D62-494EC1AC73BB}.Release|Any CPU.ActiveCfg = Release|Any CPU
		{D7F09DFB-2C79-430B-8D62-494EC1AC73BB}.Release|Any CPU.Build.0 = Release|Any CPU
	EndGlobalSection
	GlobalSection(SolutionProperties) = preSolution
		HideSolutionNode = FALSE
	EndGlobalSection
	GlobalSection(ExtensibilityGlobals) = postSolution
		SolutionGuid = {14333E8B-45F3-4147-A8C7-67CA62313A75}
	EndGlobalSection
EndGlobal
