
Microsoft Visual Studio Solution File, Format Version 12.00
# Visual Studio Version 17
VisualStudioVersion = 17.14.36203.30 d17.14
MinimumVisualStudioVersion = 10.0.40219.1
Project("{FAE04EC0-301F-11D3-BF4B-00C04F79EFBC}") = "2.1(сурадеева_итвд2)", "2.1(сурадеева_итвд2).csproj", "{D43BB3C3-B0E9-485E-A92E-6DD2BE138A50}"
EndProject
Global
	GlobalSection(SolutionConfigurationPlatforms) = preSolution
		Debug|Any CPU = Debug|Any CPU
		Release|Any CPU = Release|Any CPU
	EndGlobalSection
	GlobalSection(ProjectConfigurationPlatforms) = postSolution
		{D43BB3C3-B0E9-485E-A92E-6DD2BE138A50}.Debug|Any CPU.ActiveCfg = Debug|Any CPU
		{D43BB3C3-B0E9-485E-A92E-6DD2BE138A50}.Debug|Any CPU.Build.0 = Debug|Any CPU
		{D43BB3C3-B0E9-485E-A92E-6DD2BE138A50}.Release|Any CPU.ActiveCfg = Release|Any CPU
		{D43BB3C3-B0E9-485E-A92E-6DD2BE138A50}.Release|Any CPU.Build.0 = Release|Any CPU
	EndGlobalSection
	GlobalSection(SolutionProperties) = preSolution
		HideSolutionNode = FALSE
	EndGlobalSection
	GlobalSection(ExtensibilityGlobals) = postSolution
		SolutionGuid = {3AA7ABDB-6D3B-4CFF-A1E8-AE2E86BE636D}
	EndGlobalSection
EndGlobal
