
Microsoft Visual Studio Solution File, Format Version 12.00
# Visual Studio Version 17
VisualStudioVersion = 17.14.36203.30 d17.14
MinimumVisualStudioVersion = 10.0.40219.1
Project("{FAE04EC0-301F-11D3-BF4B-00C04F79EFBC}") = "игра-бой", "игра-бой.csproj", "{EFDECE2D-5B89-4E22-9578-65713811E834}"
EndProject
Global
	GlobalSection(SolutionConfigurationPlatforms) = preSolution
		Debug|Any CPU = Debug|Any CPU
		Release|Any CPU = Release|Any CPU
	EndGlobalSection
	GlobalSection(ProjectConfigurationPlatforms) = postSolution
		{EFDECE2D-5B89-4E22-9578-65713811E834}.Debug|Any CPU.ActiveCfg = Debug|Any CPU
		{EFDECE2D-5B89-4E22-9578-65713811E834}.Debug|Any CPU.Build.0 = Debug|Any CPU
		{EFDECE2D-5B89-4E22-9578-65713811E834}.Release|Any CPU.ActiveCfg = Release|Any CPU
		{EFDECE2D-5B89-4E22-9578-65713811E834}.Release|Any CPU.Build.0 = Release|Any CPU
	EndGlobalSection
	GlobalSection(SolutionProperties) = preSolution
		HideSolutionNode = FALSE
	EndGlobalSection
	GlobalSection(ExtensibilityGlobals) = postSolution
		SolutionGuid = {3B5BB093-9AE7-4C11-BCB6-1A4543F6F63D}
	EndGlobalSection
EndGlobal
